
Microsoft Visual Studio Solution File, Format Version 12.00
# Visual Studio Version 16
VisualStudioVersion = 16.0.29905.134
MinimumVisualStudioVersion = 10.0.40219.1
Project("{FAE04EC0-301F-11D3-BF4B-00C04F79EFBC}") = "XamarinProject.Android", "XamarinProject\XamarinProject.Android\XamarinProject.Android.csproj", "{C7B91E84-7B0F-427D-B53B-9449D17258BA}"
EndProject
Project("{FAE04EC0-301F-11D3-BF4B-00C04F79EFBC}") = "XamarinProject.iOS", "XamarinProject\XamarinProject.iOS\XamarinProject.iOS.csproj", "{C15AFB3E-B81F-42A8-9BC8-5BEF68DEB22C}"
EndProject
Project("{9A19103F-16F7-4668-BE54-9A1E7A4F7556}") = "XamarinProject", "XamarinProject\XamarinProject\XamarinProject.csproj", "{67251C11-B323-4F3F-9C1C-18682FD2ABF9}"
EndProject
Project("{FAE04EC0-301F-11D3-BF4B-00C04F79EFBC}") = "MobileFramework", "GalazyS9UITest\MobileFramework.csproj", "{33012101-5979-4437-87CC-3F65094E2CC0}"
EndProject
Global
	GlobalSection(SolutionConfigurationPlatforms) = preSolution
		Debug|Any CPU = Debug|Any CPU
		Debug|iPhone = Debug|iPhone
		Debug|iPhoneSimulator = Debug|iPhoneSimulator
		Release|Any CPU = Release|Any CPU
		Release|iPhone = Release|iPhone
		Release|iPhoneSimulator = Release|iPhoneSimulator
	EndGlobalSection
	GlobalSection(ProjectConfigurationPlatforms) = postSolution
		{C7B91E84-7B0F-427D-B53B-9449D17258BA}.Debug|Any CPU.ActiveCfg = Debug|Any CPU
		{C7B91E84-7B0F-427D-B53B-9449D17258BA}.Debug|Any CPU.Build.0 = Debug|Any CPU
		{C7B91E84-7B0F-427D-B53B-9449D17258BA}.Debug|Any CPU.Deploy.0 = Debug|Any CPU
		{C7B91E84-7B0F-427D-B53B-9449D17258BA}.Debug|iPhone.ActiveCfg = Debug|Any CPU
		{C7B91E84-7B0F-427D-B53B-9449D17258BA}.Debug|iPhone.Build.0 = Debug|Any CPU
		{C7B91E84-7B0F-427D-B53B-9449D17258BA}.Debug|iPhone.Deploy.0 = Debug|Any CPU
		{C7B91E84-7B0F-427D-B53B-9449D17258BA}.Debug|iPhoneSimulator.ActiveCfg = Debug|Any CPU
		{C7B91E84-7B0F-427D-B53B-9449D17258BA}.Debug|iPhoneSimulator.Build.0 = Debug|Any CPU
		{C7B91E84-7B0F-427D-B53B-9449D17258BA}.Debug|iPhoneSimulator.Deploy.0 = Debug|Any CPU
		{C7B91E84-7B0F-427D-B53B-9449D17258BA}.Release|Any CPU.ActiveCfg = Release|Any CPU
		{C7B91E84-7B0F-427D-B53B-9449D17258BA}.Release|Any CPU.Build.0 = Release|Any CPU
		{C7B91E84-7B0F-427D-B53B-9449D17258BA}.Release|Any CPU.Deploy.0 = Release|Any CPU
		{C7B91E84-7B0F-427D-B53B-9449D17258BA}.Release|iPhone.ActiveCfg = Release|Any CPU
		{C7B91E84-7B0F-427D-B53B-9449D17258BA}.Release|iPhone.Build.0 = Release|Any CPU
		{C7B91E84-7B0F-427D-B53B-9449D17258BA}.Release|iPhone.Deploy.0 = Release|Any CPU
		{C7B91E84-7B0F-427D-B53B-9449D17258BA}.Release|iPhoneSimulator.ActiveCfg = Release|Any CPU
		{C7B91E84-7B0F-427D-B53B-9449D17258BA}.Release|iPhoneSimulator.Build.0 = Release|Any CPU
		{C7B91E84-7B0F-427D-B53B-9449D17258BA}.Release|iPhoneSimulator.Deploy.0 = Release|Any CPU
		{C15AFB3E-B81F-42A8-9BC8-5BEF68DEB22C}.Debug|Any CPU.ActiveCfg = Debug|iPhoneSimulator
		{C15AFB3E-B81F-42A8-9BC8-5BEF68DEB22C}.Debug|Any CPU.Build.0 = Debug|iPhoneSimulator
		{C15AFB3E-B81F-42A8-9BC8-5BEF68DEB22C}.Debug|Any CPU.Deploy.0 = Debug|iPhoneSimulator
		{C15AFB3E-B81F-42A8-9BC8-5BEF68DEB22C}.Debug|iPhone.ActiveCfg = Debug|iPhone
		{C15AFB3E-B81F-42A8-9BC8-5BEF68DEB22C}.Debug|iPhone.Build.0 = Debug|iPhone
		{C15AFB3E-B81F-42A8-9BC8-5BEF68DEB22C}.Debug|iPhone.Deploy.0 = Debug|iPhone
		{C15AFB3E-B81F-42A8-9BC8-5BEF68DEB22C}.Debug|iPhoneSimulator.ActiveCfg = Debug|iPhoneSimulator
		{C15AFB3E-B81F-42A8-9BC8-5BEF68DEB22C}.Debug|iPhoneSimulator.Build.0 = Debug|iPhoneSimulator
		{C15AFB3E-B81F-42A8-9BC8-5BEF68DEB22C}.Debug|iPhoneSimulator.Deploy.0 = Debug|iPhoneSimulator
		{C15AFB3E-B81F-42A8-9BC8-5BEF68DEB22C}.Release|Any CPU.ActiveCfg = Release|iPhone
		{C15AFB3E-B81F-42A8-9BC8-5BEF68DEB22C}.Release|Any CPU.Build.0 = Release|iPhone
		{C15AFB3E-B81F-42A8-9BC8-5BEF68DEB22C}.Release|Any CPU.Deploy.0 = Release|iPhone
		{C15AFB3E-B81F-42A8-9BC8-5BEF68DEB22C}.Release|iPhone.ActiveCfg = Release|iPhone
		{C15AFB3E-B81F-42A8-9BC8-5BEF68DEB22C}.Release|iPhone.Build.0 = Release|iPhone
		{C15AFB3E-B81F-42A8-9BC8-5BEF68DEB22C}.Release|iPhone.Deploy.0 = Release|iPhone
		{C15AFB3E-B81F-42A8-9BC8-5BEF68DEB22C}.Release|iPhoneSimulator.ActiveCfg = Release|iPhoneSimulator
		{C15AFB3E-B81F-42A8-9BC8-5BEF68DEB22C}.Release|iPhoneSimulator.Build.0 = Release|iPhoneSimulator
		{C15AFB3E-B81F-42A8-9BC8-5BEF68DEB22C}.Release|iPhoneSimulator.Deploy.0 = Release|iPhoneSimulator
		{67251C11-B323-4F3F-9C1C-18682FD2ABF9}.Debug|Any CPU.ActiveCfg = Debug|Any CPU
		{67251C11-B323-4F3F-9C1C-18682FD2ABF9}.Debug|Any CPU.Build.0 = Debug|Any CPU
		{67251C11-B323-4F3F-9C1C-18682FD2ABF9}.Debug|Any CPU.Deploy.0 = Debug|Any CPU
		{67251C11-B323-4F3F-9C1C-18682FD2ABF9}.Debug|iPhone.ActiveCfg = Debug|Any CPU
		{67251C11-B323-4F3F-9C1C-18682FD2ABF9}.Debug|iPhone.Build.0 = Debug|Any CPU
		{67251C11-B323-4F3F-9C1C-18682FD2ABF9}.Debug|iPhone.Deploy.0 = Debug|Any CPU
		{67251C11-B323-4F3F-9C1C-18682FD2ABF9}.Debug|iPhoneSimulator.ActiveCfg = Debug|Any CPU
		{67251C11-B323-4F3F-9C1C-18682FD2ABF9}.Debug|iPhoneSimulator.Build.0 = Debug|Any CPU
		{67251C11-B323-4F3F-9C1C-18682FD2ABF9}.Debug|iPhoneSimulator.Deploy.0 = Debug|Any CPU
		{67251C11-B323-4F3F-9C1C-18682FD2ABF9}.Release|Any CPU.ActiveCfg = Release|Any CPU
		{67251C11-B323-4F3F-9C1C-18682FD2ABF9}.Release|Any CPU.Build.0 = Release|Any CPU
		{67251C11-B323-4F3F-9C1C-18682FD2ABF9}.Release|Any CPU.Deploy.0 = Release|Any CPU
		{67251C11-B323-4F3F-9C1C-18682FD2ABF9}.Release|iPhone.ActiveCfg = Release|Any CPU
		{67251C11-B323-4F3F-9C1C-18682FD2ABF9}.Release|iPhone.Build.0 = Release|Any CPU
		{67251C11-B323-4F3F-9C1C-18682FD2ABF9}.Release|iPhone.Deploy.0 = Release|Any CPU
		{67251C11-B323-4F3F-9C1C-18682FD2ABF9}.Release|iPhoneSimulator.ActiveCfg = Release|Any CPU
		{67251C11-B323-4F3F-9C1C-18682FD2ABF9}.Release|iPhoneSimulator.Build.0 = Release|Any CPU
		{67251C11-B323-4F3F-9C1C-18682FD2ABF9}.Release|iPhoneSimulator.Deploy.0 = Release|Any CPU
		{33012101-5979-4437-87CC-3F65094E2CC0}.Debug|Any CPU.ActiveCfg = Debug|Any CPU
		{33012101-5979-4437-87CC-3F65094E2CC0}.Debug|Any CPU.Build.0 = Debug|Any CPU
		{33012101-5979-4437-87CC-3F65094E2CC0}.Debug|iPhone.ActiveCfg = Debug|Any CPU
		{33012101-5979-4437-87CC-3F65094E2CC0}.Debug|iPhone.Build.0 = Debug|Any CPU
		{33012101-5979-4437-87CC-3F65094E2CC0}.Debug|iPhoneSimulator.ActiveCfg = Debug|Any CPU
		{33012101-5979-4437-87CC-3F65094E2CC0}.Debug|iPhoneSimulator.Build.0 = Debug|Any CPU
		{33012101-5979-4437-87CC-3F65094E2CC0}.Release|Any CPU.ActiveCfg = Release|Any CPU
		{33012101-5979-4437-87CC-3F65094E2CC0}.Release|Any CPU.Build.0 = Release|Any CPU
		{33012101-5979-4437-87CC-3F65094E2CC0}.Release|iPhone.ActiveCfg = Release|Any CPU
		{33012101-5979-4437-87CC-3F65094E2CC0}.Release|iPhone.Build.0 = Release|Any CPU
		{33012101-5979-4437-87CC-3F65094E2CC0}.Release|iPhoneSimulator.ActiveCfg = Release|Any CPU
		{33012101-5979-4437-87CC-3F65094E2CC0}.Release|iPhoneSimulator.Build.0 = Release|Any CPU
	EndGlobalSection
	GlobalSection(SolutionProperties) = preSolution
		HideSolutionNode = FALSE
	EndGlobalSection
	GlobalSection(ExtensibilityGlobals) = postSolution
		SolutionGuid = {F9C1D0B2-F727-473E-A262-5EBC4B3E42F6}
	EndGlobalSection
EndGlobal
